// !$*UTF8*$!
{
	archiveVersion = 1;
	classes = {
	};
	objectVersion = 46;
	objects = {

/* Begin PBXBuildFile section */
		650B367D1808F72A0029A086 /* Foundation.framework in Frameworks */ = {isa = PBXBuildFile; fileRef = 650B367C1808F72A0029A086 /* Foundation.framework */; };
		650B367F1808F72A0029A086 /* CoreGraphics.framework in Frameworks */ = {isa = PBXBuildFile; fileRef = 650B367E1808F72A0029A086 /* CoreGraphics.framework */; };
		650B36811808F72A0029A086 /* UIKit.framework in Frameworks */ = {isa = PBXBuildFile; fileRef = 650B36801808F72A0029A086 /* UIKit.framework */; };
		650B36831808F72A0029A086 /* CoreData.framework in Frameworks */ = {isa = PBXBuildFile; fileRef = 650B36821808F72A0029A086 /* CoreData.framework */; };
		650B36891808F72A0029A086 /* InfoPlist.strings in Resources */ = {isa = PBXBuildFile; fileRef = 650B36871808F72A0029A086 /* InfoPlist.strings */; };
		650B368B1808F72A0029A086 /* main.m in Sources */ = {isa = PBXBuildFile; fileRef = 650B368A1808F72A0029A086 /* main.m */; };
		650B368F1808F72A0029A086 /* driverAppDelegate.m in Sources */ = {isa = PBXBuildFile; fileRef = 650B368E1808F72A0029A086 /* driverAppDelegate.m */; };
		650B36921808F72A0029A086 /* Main.storyboard in Resources */ = {isa = PBXBuildFile; fileRef = 650B36901808F72A0029A086 /* Main.storyboard */; };
		650B36981808F72A0029A086 /* driverMasterViewController.m in Sources */ = {isa = PBXBuildFile; fileRef = 650B36971808F72A0029A086 /* driverMasterViewController.m */; };
		650B369B1808F72A0029A086 /* driverDetailViewController.m in Sources */ = {isa = PBXBuildFile; fileRef = 650B369A1808F72A0029A086 /* driverDetailViewController.m */; };
		650B369D1808F72A0029A086 /* Images.xcassets in Resources */ = {isa = PBXBuildFile; fileRef = 650B369C1808F72A0029A086 /* Images.xcassets */; };
		650B36A41808F72A0029A086 /* XCTest.framework in Frameworks */ = {isa = PBXBuildFile; fileRef = 650B36A31808F72A0029A086 /* XCTest.framework */; };
		650B36A51808F72A0029A086 /* Foundation.framework in Frameworks */ = {isa = PBXBuildFile; fileRef = 650B367C1808F72A0029A086 /* Foundation.framework */; };
		650B36A61808F72B0029A086 /* UIKit.framework in Frameworks */ = {isa = PBXBuildFile; fileRef = 650B36801808F72A0029A086 /* UIKit.framework */; };
		650B36A71808F72B0029A086 /* CoreData.framework in Frameworks */ = {isa = PBXBuildFile; fileRef = 650B36821808F72A0029A086 /* CoreData.framework */; };
		650B36AF1808F72B0029A086 /* InfoPlist.strings in Resources */ = {isa = PBXBuildFile; fileRef = 650B36AD1808F72B0029A086 /* InfoPlist.strings */; };
		650B36B11808F72B0029A086 /* TaxiBookTests.m in Sources */ = {isa = PBXBuildFile; fileRef = 650B36B01808F72B0029A086 /* TaxiBookTests.m */; };
		771B68DA18A3DAA2001AF1EA /* GoogleMapPlaceSearchService.m in Sources */ = {isa = PBXBuildFile; fileRef = 771B68D118A3DAA2001AF1EA /* GoogleMapPlaceSearchService.m */; };
		771B68DB18A3DAA2001AF1EA /* MDDirectionService.m in Sources */ = {isa = PBXBuildFile; fileRef = 771B68D318A3DAA2001AF1EA /* MDDirectionService.m */; };
		771B68DC18A3DAA2001AF1EA /* TaxiBookConnectionManager.m in Sources */ = {isa = PBXBuildFile; fileRef = 771B68D518A3DAA2001AF1EA /* TaxiBookConnectionManager.m */; };
		771B68DD18A3DAA2001AF1EA /* TaxiBookErrorSet.m in Sources */ = {isa = PBXBuildFile; fileRef = 771B68D718A3DAA2001AF1EA /* TaxiBookErrorSet.m */; };
		771B68DE18A3DAA2001AF1EA /* TaxiBookStringSet.m in Sources */ = {isa = PBXBuildFile; fileRef = 771B68D918A3DAA2001AF1EA /* TaxiBookStringSet.m */; };
		771B68EB18A3DAB5001AF1EA /* OrderModel.m in Sources */ = {isa = PBXBuildFile; fileRef = 771B68E118A3DAB5001AF1EA /* OrderModel.m */; };
		771B68EC18A3DAB5001AF1EA /* Driver.m in Sources */ = {isa = PBXBuildFile; fileRef = 771B68E418A3DAB5001AF1EA /* Driver.m */; };
		771B68ED18A3DAB5001AF1EA /* GMPlace.m in Sources */ = {isa = PBXBuildFile; fileRef = 771B68E618A3DAB5001AF1EA /* GMPlace.m */; };
		771B68EE18A3DAB5001AF1EA /* Order.m in Sources */ = {isa = PBXBuildFile; fileRef = 771B68E818A3DAB5001AF1EA /* Order.m */; };
		771B68EF18A3DAB5001AF1EA /* TaxiBookGPS.m in Sources */ = {isa = PBXBuildFile; fileRef = 771B68EA18A3DAB5001AF1EA /* TaxiBookGPS.m */; };
		8E27BDF5610F4828BF277B6E /* libPods.a in Frameworks */ = {isa = PBXBuildFile; fileRef = 782FD4AD354D441EAF27DDB2 /* libPods.a */; };
/* End PBXBuildFile section */

/* Begin PBXContainerItemProxy section */
		650B36A81808F72B0029A086 /* PBXContainerItemProxy */ = {
			isa = PBXContainerItemProxy;
			containerPortal = 650B36711808F72A0029A086 /* Project object */;
			proxyType = 1;
			remoteGlobalIDString = 650B36781808F72A0029A086;
			remoteInfo = TaxiBook;
		};
/* End PBXContainerItemProxy section */

/* Begin PBXFileReference section */
		650B36791808F72A0029A086 /* TaxiBook.app */ = {isa = PBXFileReference; explicitFileType = wrapper.application; includeInIndex = 0; path = TaxiBook.app; sourceTree = BUILT_PRODUCTS_DIR; };
		650B367C1808F72A0029A086 /* Foundation.framework */ = {isa = PBXFileReference; lastKnownFileType = wrapper.framework; name = Foundation.framework; path = System/Library/Frameworks/Foundation.framework; sourceTree = SDKROOT; };
		650B367E1808F72A0029A086 /* CoreGraphics.framework */ = {isa = PBXFileReference; lastKnownFileType = wrapper.framework; name = CoreGraphics.framework; path = System/Library/Frameworks/CoreGraphics.framework; sourceTree = SDKROOT; };
		650B36801808F72A0029A086 /* UIKit.framework */ = {isa = PBXFileReference; lastKnownFileType = wrapper.framework; name = UIKit.framework; path = System/Library/Frameworks/UIKit.framework; sourceTree = SDKROOT; };
		650B36821808F72A0029A086 /* CoreData.framework */ = {isa = PBXFileReference; lastKnownFileType = wrapper.framework; name = CoreData.framework; path = System/Library/Frameworks/CoreData.framework; sourceTree = SDKROOT; };
		650B36861808F72A0029A086 /* TaxiBook-Info.plist */ = {isa = PBXFileReference; lastKnownFileType = text.plist.xml; path = "TaxiBook-Info.plist"; sourceTree = "<group>"; };
		650B36881808F72A0029A086 /* en */ = {isa = PBXFileReference; lastKnownFileType = text.plist.strings; name = en; path = en.lproj/InfoPlist.strings; sourceTree = "<group>"; };
		650B368A1808F72A0029A086 /* main.m */ = {isa = PBXFileReference; lastKnownFileType = sourcecode.c.objc; path = main.m; sourceTree = "<group>"; };
		650B368C1808F72A0029A086 /* TaxiBook-Prefix.pch */ = {isa = PBXFileReference; lastKnownFileType = sourcecode.c.h; path = "TaxiBook-Prefix.pch"; sourceTree = "<group>"; };
		650B368D1808F72A0029A086 /* driverAppDelegate.h */ = {isa = PBXFileReference; lastKnownFileType = sourcecode.c.h; path = driverAppDelegate.h; sourceTree = "<group>"; };
		650B368E1808F72A0029A086 /* driverAppDelegate.m */ = {isa = PBXFileReference; lastKnownFileType = sourcecode.c.objc; path = driverAppDelegate.m; sourceTree = "<group>"; };
		650B36911808F72A0029A086 /* Base */ = {isa = PBXFileReference; lastKnownFileType = file.storyboard; name = Base; path = Base.lproj/Main.storyboard; sourceTree = "<group>"; };
		650B36961808F72A0029A086 /* driverMasterViewController.h */ = {isa = PBXFileReference; lastKnownFileType = sourcecode.c.h; path = driverMasterViewController.h; sourceTree = "<group>"; };
		650B36971808F72A0029A086 /* driverMasterViewController.m */ = {isa = PBXFileReference; lastKnownFileType = sourcecode.c.objc; path = driverMasterViewController.m; sourceTree = "<group>"; };
		650B36991808F72A0029A086 /* driverDetailViewController.h */ = {isa = PBXFileReference; lastKnownFileType = sourcecode.c.h; path = driverDetailViewController.h; sourceTree = "<group>"; };
		650B369A1808F72A0029A086 /* driverDetailViewController.m */ = {isa = PBXFileReference; lastKnownFileType = sourcecode.c.objc; path = driverDetailViewController.m; sourceTree = "<group>"; };
		650B369C1808F72A0029A086 /* Images.xcassets */ = {isa = PBXFileReference; lastKnownFileType = folder.assetcatalog; path = Images.xcassets; sourceTree = "<group>"; };
		650B36A21808F72A0029A086 /* TaxiBookTests.xctest */ = {isa = PBXFileReference; explicitFileType = wrapper.cfbundle; includeInIndex = 0; path = TaxiBookTests.xctest; sourceTree = BUILT_PRODUCTS_DIR; };
		650B36A31808F72A0029A086 /* XCTest.framework */ = {isa = PBXFileReference; lastKnownFileType = wrapper.framework; name = XCTest.framework; path = Library/Frameworks/XCTest.framework; sourceTree = DEVELOPER_DIR; };
		650B36AC1808F72B0029A086 /* TaxiBookTests-Info.plist */ = {isa = PBXFileReference; lastKnownFileType = text.plist.xml; path = "TaxiBookTests-Info.plist"; sourceTree = "<group>"; };
		650B36AE1808F72B0029A086 /* en */ = {isa = PBXFileReference; lastKnownFileType = text.plist.strings; name = en; path = en.lproj/InfoPlist.strings; sourceTree = "<group>"; };
		650B36B01808F72B0029A086 /* TaxiBookTests.m */ = {isa = PBXFileReference; lastKnownFileType = sourcecode.c.objc; path = TaxiBookTests.m; sourceTree = "<group>"; };
		771B68D018A3DAA2001AF1EA /* GoogleMapPlaceSearchService.h */ = {isa = PBXFileReference; fileEncoding = 4; lastKnownFileType = sourcecode.c.h; path = GoogleMapPlaceSearchService.h; sourceTree = "<group>"; };
		771B68D118A3DAA2001AF1EA /* GoogleMapPlaceSearchService.m */ = {isa = PBXFileReference; fileEncoding = 4; lastKnownFileType = sourcecode.c.objc; path = GoogleMapPlaceSearchService.m; sourceTree = "<group>"; };
		771B68D218A3DAA2001AF1EA /* MDDirectionService.h */ = {isa = PBXFileReference; fileEncoding = 4; lastKnownFileType = sourcecode.c.h; path = MDDirectionService.h; sourceTree = "<group>"; };
		771B68D318A3DAA2001AF1EA /* MDDirectionService.m */ = {isa = PBXFileReference; fileEncoding = 4; lastKnownFileType = sourcecode.c.objc; path = MDDirectionService.m; sourceTree = "<group>"; };
		771B68D418A3DAA2001AF1EA /* TaxiBookConnectionManager.h */ = {isa = PBXFileReference; fileEncoding = 4; lastKnownFileType = sourcecode.c.h; path = TaxiBookConnectionManager.h; sourceTree = "<group>"; };
		771B68D518A3DAA2001AF1EA /* TaxiBookConnectionManager.m */ = {isa = PBXFileReference; fileEncoding = 4; lastKnownFileType = sourcecode.c.objc; path = TaxiBookConnectionManager.m; sourceTree = "<group>"; };
		771B68D618A3DAA2001AF1EA /* TaxiBookErrorSet.h */ = {isa = PBXFileReference; fileEncoding = 4; lastKnownFileType = sourcecode.c.h; path = TaxiBookErrorSet.h; sourceTree = "<group>"; };
		771B68D718A3DAA2001AF1EA /* TaxiBookErrorSet.m */ = {isa = PBXFileReference; fileEncoding = 4; lastKnownFileType = sourcecode.c.objc; path = TaxiBookErrorSet.m; sourceTree = "<group>"; };
		771B68D818A3DAA2001AF1EA /* TaxiBookStringSet.h */ = {isa = PBXFileReference; fileEncoding = 4; lastKnownFileType = sourcecode.c.h; path = TaxiBookStringSet.h; sourceTree = "<group>"; };
		771B68D918A3DAA2001AF1EA /* TaxiBookStringSet.m */ = {isa = PBXFileReference; fileEncoding = 4; lastKnownFileType = sourcecode.c.objc; path = TaxiBookStringSet.m; sourceTree = "<group>"; };
		771B68E018A3DAB5001AF1EA /* OrderModel.h */ = {isa = PBXFileReference; fileEncoding = 4; lastKnownFileType = sourcecode.c.h; path = OrderModel.h; sourceTree = "<group>"; };
		771B68E118A3DAB5001AF1EA /* OrderModel.m */ = {isa = PBXFileReference; fileEncoding = 4; lastKnownFileType = sourcecode.c.objc; path = OrderModel.m; sourceTree = "<group>"; };
		771B68E318A3DAB5001AF1EA /* Driver.h */ = {isa = PBXFileReference; fileEncoding = 4; lastKnownFileType = sourcecode.c.h; path = Driver.h; sourceTree = "<group>"; };
		771B68E418A3DAB5001AF1EA /* Driver.m */ = {isa = PBXFileReference; fileEncoding = 4; lastKnownFileType = sourcecode.c.objc; path = Driver.m; sourceTree = "<group>"; };
		771B68E518A3DAB5001AF1EA /* GMPlace.h */ = {isa = PBXFileReference; fileEncoding = 4; lastKnownFileType = sourcecode.c.h; path = GMPlace.h; sourceTree = "<group>"; };
		771B68E618A3DAB5001AF1EA /* GMPlace.m */ = {isa = PBXFileReference; fileEncoding = 4; lastKnownFileType = sourcecode.c.objc; path = GMPlace.m; sourceTree = "<group>"; };
		771B68E718A3DAB5001AF1EA /* Order.h */ = {isa = PBXFileReference; fileEncoding = 4; lastKnownFileType = sourcecode.c.h; path = Order.h; sourceTree = "<group>"; };
		771B68E818A3DAB5001AF1EA /* Order.m */ = {isa = PBXFileReference; fileEncoding = 4; lastKnownFileType = sourcecode.c.objc; path = Order.m; sourceTree = "<group>"; };
		771B68E918A3DAB5001AF1EA /* TaxiBookGPS.h */ = {isa = PBXFileReference; fileEncoding = 4; lastKnownFileType = sourcecode.c.h; path = TaxiBookGPS.h; sourceTree = "<group>"; };
		771B68EA18A3DAB5001AF1EA /* TaxiBookGPS.m */ = {isa = PBXFileReference; fileEncoding = 4; lastKnownFileType = sourcecode.c.objc; path = TaxiBookGPS.m; sourceTree = "<group>"; };
		782FD4AD354D441EAF27DDB2 /* libPods.a */ = {isa = PBXFileReference; explicitFileType = archive.ar; includeInIndex = 0; path = libPods.a; sourceTree = BUILT_PRODUCTS_DIR; };
		8022F0ADFCE5467192DFB5B6 /* Pods.xcconfig */ = {isa = PBXFileReference; includeInIndex = 1; lastKnownFileType = text.xcconfig; name = Pods.xcconfig; path = Pods/Pods.xcconfig; sourceTree = "<group>"; };
/* End PBXFileReference section */

/* Begin PBXFrameworksBuildPhase section */
		650B36761808F72A0029A086 /* Frameworks */ = {
			isa = PBXFrameworksBuildPhase;
			buildActionMask = 2147483647;
			files = (
				650B367F1808F72A0029A086 /* CoreGraphics.framework in Frameworks */,
				650B36831808F72A0029A086 /* CoreData.framework in Frameworks */,
				650B36811808F72A0029A086 /* UIKit.framework in Frameworks */,
				650B367D1808F72A0029A086 /* Foundation.framework in Frameworks */,
				8E27BDF5610F4828BF277B6E /* libPods.a in Frameworks */,
			);
			runOnlyForDeploymentPostprocessing = 0;
		};
		650B369F1808F72A0029A086 /* Frameworks */ = {
			isa = PBXFrameworksBuildPhase;
			buildActionMask = 2147483647;
			files = (
				650B36A41808F72A0029A086 /* XCTest.framework in Frameworks */,
				650B36A71808F72B0029A086 /* CoreData.framework in Frameworks */,
				650B36A61808F72B0029A086 /* UIKit.framework in Frameworks */,
				650B36A51808F72A0029A086 /* Foundation.framework in Frameworks */,
			);
			runOnlyForDeploymentPostprocessing = 0;
		};
/* End PBXFrameworksBuildPhase section */

/* Begin PBXGroup section */
		650B36701808F72A0029A086 = {
			isa = PBXGroup;
			children = (
				650B36841808F72A0029A086 /* TaxiBook */,
				650B36AA1808F72B0029A086 /* TaxiBookTests */,
				650B367B1808F72A0029A086 /* Frameworks */,
				650B367A1808F72A0029A086 /* Products */,
				8022F0ADFCE5467192DFB5B6 /* Pods.xcconfig */,
			);
			sourceTree = "<group>";
		};
		650B367A1808F72A0029A086 /* Products */ = {
			isa = PBXGroup;
			children = (
				650B36791808F72A0029A086 /* TaxiBook.app */,
				650B36A21808F72A0029A086 /* TaxiBookTests.xctest */,
			);
			name = Products;
			sourceTree = "<group>";
		};
		650B367B1808F72A0029A086 /* Frameworks */ = {
			isa = PBXGroup;
			children = (
				650B367C1808F72A0029A086 /* Foundation.framework */,
				650B367E1808F72A0029A086 /* CoreGraphics.framework */,
				650B36801808F72A0029A086 /* UIKit.framework */,
				650B36821808F72A0029A086 /* CoreData.framework */,
				650B36A31808F72A0029A086 /* XCTest.framework */,
				782FD4AD354D441EAF27DDB2 /* libPods.a */,
			);
			name = Frameworks;
			sourceTree = "<group>";
		};
		650B36841808F72A0029A086 /* TaxiBook */ = {
			isa = PBXGroup;
			children = (
				771B68DF18A3DAB5001AF1EA /* Models */,
				771B68CF18A3DAA2001AF1EA /* Utility */,
				650B368D1808F72A0029A086 /* driverAppDelegate.h */,
				650B368E1808F72A0029A086 /* driverAppDelegate.m */,
				650B36901808F72A0029A086 /* Main.storyboard */,
				650B36961808F72A0029A086 /* driverMasterViewController.h */,
				650B36971808F72A0029A086 /* driverMasterViewController.m */,
				650B36991808F72A0029A086 /* driverDetailViewController.h */,
				650B369A1808F72A0029A086 /* driverDetailViewController.m */,
				650B369C1808F72A0029A086 /* Images.xcassets */,
				650B36851808F72A0029A086 /* Supporting Files */,
			);
			path = TaxiBook;
			sourceTree = "<group>";
		};
		650B36851808F72A0029A086 /* Supporting Files */ = {
			isa = PBXGroup;
			children = (
				650B36861808F72A0029A086 /* TaxiBook-Info.plist */,
				650B36871808F72A0029A086 /* InfoPlist.strings */,
				650B368A1808F72A0029A086 /* main.m */,
				650B368C1808F72A0029A086 /* TaxiBook-Prefix.pch */,
			);
			name = "Supporting Files";
			sourceTree = "<group>";
		};
		650B36AA1808F72B0029A086 /* TaxiBookTests */ = {
			isa = PBXGroup;
			children = (
				650B36B01808F72B0029A086 /* TaxiBookTests.m */,
				650B36AB1808F72B0029A086 /* Supporting Files */,
			);
			path = TaxiBookTests;
			sourceTree = "<group>";
		};
		650B36AB1808F72B0029A086 /* Supporting Files */ = {
			isa = PBXGroup;
			children = (
				650B36AC1808F72B0029A086 /* TaxiBookTests-Info.plist */,
				650B36AD1808F72B0029A086 /* InfoPlist.strings */,
			);
			name = "Supporting Files";
			sourceTree = "<group>";
		};
		771B68CF18A3DAA2001AF1EA /* Utility */ = {
			isa = PBXGroup;
			children = (
				771B68D018A3DAA2001AF1EA /* GoogleMapPlaceSearchService.h */,
				771B68D118A3DAA2001AF1EA /* GoogleMapPlaceSearchService.m */,
				771B68D218A3DAA2001AF1EA /* MDDirectionService.h */,
				771B68D318A3DAA2001AF1EA /* MDDirectionService.m */,
				771B68D418A3DAA2001AF1EA /* TaxiBookConnectionManager.h */,
				771B68D518A3DAA2001AF1EA /* TaxiBookConnectionManager.m */,
				771B68D618A3DAA2001AF1EA /* TaxiBookErrorSet.h */,
				771B68D718A3DAA2001AF1EA /* TaxiBookErrorSet.m */,
				771B68D818A3DAA2001AF1EA /* TaxiBookStringSet.h */,
				771B68D918A3DAA2001AF1EA /* TaxiBookStringSet.m */,
			);
			path = Utility;
			sourceTree = "<group>";
		};
		771B68DF18A3DAB5001AF1EA /* Models */ = {
			isa = PBXGroup;
			children = (
				771B68E018A3DAB5001AF1EA /* OrderModel.h */,
				771B68E118A3DAB5001AF1EA /* OrderModel.m */,
				771B68E218A3DAB5001AF1EA /* Unit */,
			);
			path = Models;
			sourceTree = "<group>";
		};
		771B68E218A3DAB5001AF1EA /* Unit */ = {
			isa = PBXGroup;
			children = (
				771B68E318A3DAB5001AF1EA /* Driver.h */,
				771B68E418A3DAB5001AF1EA /* Driver.m */,
				771B68E518A3DAB5001AF1EA /* GMPlace.h */,
				771B68E618A3DAB5001AF1EA /* GMPlace.m */,
				771B68E718A3DAB5001AF1EA /* Order.h */,
				771B68E818A3DAB5001AF1EA /* Order.m */,
				771B68E918A3DAB5001AF1EA /* TaxiBookGPS.h */,
				771B68EA18A3DAB5001AF1EA /* TaxiBookGPS.m */,
			);
			path = Unit;
			sourceTree = "<group>";
		};
/* End PBXGroup section */

/* Begin PBXNativeTarget section */
		650B36781808F72A0029A086 /* TaxiBook */ = {
			isa = PBXNativeTarget;
			buildConfigurationList = 650B36B41808F72B0029A086 /* Build configuration list for PBXNativeTarget "TaxiBook" */;
			buildPhases = (
				F924C24355C14240A5AFABAE /* Check Pods Manifest.lock */,
				650B36751808F72A0029A086 /* Sources */,
				650B36761808F72A0029A086 /* Frameworks */,
				650B36771808F72A0029A086 /* Resources */,
				D6350C04E71540F58F0B8CD4 /* Copy Pods Resources */,
			);
			buildRules = (
			);
			dependencies = (
			);
			name = TaxiBook;
			productName = TaxiBook;
			productReference = 650B36791808F72A0029A086 /* TaxiBook.app */;
			productType = "com.apple.product-type.application";
		};
		650B36A11808F72A0029A086 /* TaxiBookTests */ = {
			isa = PBXNativeTarget;
			buildConfigurationList = 650B36B71808F72B0029A086 /* Build configuration list for PBXNativeTarget "TaxiBookTests" */;
			buildPhases = (
				650B369E1808F72A0029A086 /* Sources */,
				650B369F1808F72A0029A086 /* Frameworks */,
				650B36A01808F72A0029A086 /* Resources */,
			);
			buildRules = (
			);
			dependencies = (
				650B36A91808F72B0029A086 /* PBXTargetDependency */,
			);
			name = TaxiBookTests;
			productName = TaxiBookTests;
			productReference = 650B36A21808F72A0029A086 /* TaxiBookTests.xctest */;
			productType = "com.apple.product-type.bundle.unit-test";
		};
/* End PBXNativeTarget section */

/* Begin PBXProject section */
		650B36711808F72A0029A086 /* Project object */ = {
			isa = PBXProject;
			attributes = {
				CLASSPREFIX = taxibook;
				LastUpgradeCheck = 0500;
				ORGANIZATIONNAME = taxibook;
				TargetAttributes = {
					650B36A11808F72A0029A086 = {
						TestTargetID = 650B36781808F72A0029A086;
					};
				};
			};
			buildConfigurationList = 650B36741808F72A0029A086 /* Build configuration list for PBXProject "TaxiBook" */;
			compatibilityVersion = "Xcode 3.2";
			developmentRegion = English;
			hasScannedForEncodings = 0;
			knownRegions = (
				en,
				Base,
			);
			mainGroup = 650B36701808F72A0029A086;
			productRefGroup = 650B367A1808F72A0029A086 /* Products */;
			projectDirPath = "";
			projectRoot = "";
			targets = (
				650B36781808F72A0029A086 /* TaxiBook */,
				650B36A11808F72A0029A086 /* TaxiBookTests */,
			);
		};
/* End PBXProject section */

/* Begin PBXResourcesBuildPhase section */
		650B36771808F72A0029A086 /* Resources */ = {
			isa = PBXResourcesBuildPhase;
			buildActionMask = 2147483647;
			files = (
				650B369D1808F72A0029A086 /* Images.xcassets in Resources */,
				650B36891808F72A0029A086 /* InfoPlist.strings in Resources */,
				650B36921808F72A0029A086 /* Main.storyboard in Resources */,
			);
			runOnlyForDeploymentPostprocessing = 0;
		};
		650B36A01808F72A0029A086 /* Resources */ = {
			isa = PBXResourcesBuildPhase;
			buildActionMask = 2147483647;
			files = (
				650B36AF1808F72B0029A086 /* InfoPlist.strings in Resources */,
			);
			runOnlyForDeploymentPostprocessing = 0;
		};
/* End PBXResourcesBuildPhase section */

/* Begin PBXShellScriptBuildPhase section */
		D6350C04E71540F58F0B8CD4 /* Copy Pods Resources */ = {
			isa = PBXShellScriptBuildPhase;
			buildActionMask = 2147483647;
			files = (
			);
			inputPaths = (
			);
			name = "Copy Pods Resources";
			outputPaths = (
			);
			runOnlyForDeploymentPostprocessing = 0;
			shellPath = /bin/sh;
			shellScript = "\"${SRCROOT}/Pods/Pods-resources.sh\"\n";
			showEnvVarsInLog = 0;
		};
		F924C24355C14240A5AFABAE /* Check Pods Manifest.lock */ = {
			isa = PBXShellScriptBuildPhase;
			buildActionMask = 2147483647;
			files = (
			);
			inputPaths = (
			);
			name = "Check Pods Manifest.lock";
			outputPaths = (
			);
			runOnlyForDeploymentPostprocessing = 0;
			shellPath = /bin/sh;
			shellScript = "diff \"${PODS_ROOT}/../Podfile.lock\" \"${PODS_ROOT}/Manifest.lock\" > /dev/null\nif [[ $? != 0 ]] ; then\n    cat << EOM\nerror: The sandbox is not in sync with the Podfile.lock. Run 'pod install' or update your CocoaPods installation.\nEOM\n    exit 1\nfi\n";
			showEnvVarsInLog = 0;
		};
/* End PBXShellScriptBuildPhase section */

/* Begin PBXSourcesBuildPhase section */
		650B36751808F72A0029A086 /* Sources */ = {
			isa = PBXSourcesBuildPhase;
			buildActionMask = 2147483647;
			files = (
				650B368F1808F72A0029A086 /* driverAppDelegate.m in Sources */,
				771B68EF18A3DAB5001AF1EA /* TaxiBookGPS.m in Sources */,
				650B36981808F72A0029A086 /* driverMasterViewController.m in Sources */,
				771B68EB18A3DAB5001AF1EA /* OrderModel.m in Sources */,
				771B68DB18A3DAA2001AF1EA /* MDDirectionService.m in Sources */,
				771B68EC18A3DAB5001AF1EA /* Driver.m in Sources */,
				771B68ED18A3DAB5001AF1EA /* GMPlace.m in Sources */,
				650B369B1808F72A0029A086 /* driverDetailViewController.m in Sources */,
				771B68DD18A3DAA2001AF1EA /* TaxiBookErrorSet.m in Sources */,
				771B68EE18A3DAB5001AF1EA /* Order.m in Sources */,
				771B68DA18A3DAA2001AF1EA /* GoogleMapPlaceSearchService.m in Sources */,
				771B68DE18A3DAA2001AF1EA /* TaxiBookStringSet.m in Sources */,
				650B368B1808F72A0029A086 /* main.m in Sources */,
				771B68DC18A3DAA2001AF1EA /* TaxiBookConnectionManager.m in Sources */,
			);
			runOnlyForDeploymentPostprocessing = 0;
		};
		650B369E1808F72A0029A086 /* Sources */ = {
			isa = PBXSourcesBuildPhase;
			buildActionMask = 2147483647;
			files = (
				650B36B11808F72B0029A086 /* TaxiBookTests.m in Sources */,
			);
			runOnlyForDeploymentPostprocessing = 0;
		};
/* End PBXSourcesBuildPhase section */

/* Begin PBXTargetDependency section */
		650B36A91808F72B0029A086 /* PBXTargetDependency */ = {
			isa = PBXTargetDependency;
			target = 650B36781808F72A0029A086 /* TaxiBook */;
			targetProxy = 650B36A81808F72B0029A086 /* PBXContainerItemProxy */;
		};
/* End PBXTargetDependency section */

/* Begin PBXVariantGroup section */
		650B36871808F72A0029A086 /* InfoPlist.strings */ = {
			isa = PBXVariantGroup;
			children = (
				650B36881808F72A0029A086 /* en */,
			);
			name = InfoPlist.strings;
			sourceTree = "<group>";
		};
		650B36901808F72A0029A086 /* Main.storyboard */ = {
			isa = PBXVariantGroup;
			children = (
				650B36911808F72A0029A086 /* Base */,
			);
			name = Main.storyboard;
			sourceTree = "<group>";
		};
		650B36AD1808F72B0029A086 /* InfoPlist.strings */ = {
			isa = PBXVariantGroup;
			children = (
				650B36AE1808F72B0029A086 /* en */,
			);
			name = InfoPlist.strings;
			sourceTree = "<group>";
		};
/* End PBXVariantGroup section */

/* Begin XCBuildConfiguration section */
		650B36B21808F72B0029A086 /* Debug */ = {
			isa = XCBuildConfiguration;
			buildSettings = {
				ALWAYS_SEARCH_USER_PATHS = NO;
				ARCHS = "$(ARCHS_STANDARD_INCLUDING_64_BIT)";
				CLANG_CXX_LANGUAGE_STANDARD = "gnu++0x";
				CLANG_CXX_LIBRARY = "libc++";
				CLANG_ENABLE_MODULES = YES;
				CLANG_ENABLE_OBJC_ARC = YES;
				CLANG_WARN_BOOL_CONVERSION = YES;
				CLANG_WARN_CONSTANT_CONVERSION = YES;
				CLANG_WARN_DIRECT_OBJC_ISA_USAGE = YES_ERROR;
				CLANG_WARN_EMPTY_BODY = YES;
				CLANG_WARN_ENUM_CONVERSION = YES;
				CLANG_WARN_INT_CONVERSION = YES;
				CLANG_WARN_OBJC_ROOT_CLASS = YES_ERROR;
				CLANG_WARN__DUPLICATE_METHOD_MATCH = YES;
				"CODE_SIGN_IDENTITY[sdk=iphoneos*]" = "iPhone Developer";
				COPY_PHASE_STRIP = NO;
				GCC_C_LANGUAGE_STANDARD = gnu99;
				GCC_DYNAMIC_NO_PIC = NO;
				GCC_OPTIMIZATION_LEVEL = 0;
				GCC_PREPROCESSOR_DEFINITIONS = (
					"DEBUG=1",
					"$(inherited)",
				);
				GCC_SYMBOLS_PRIVATE_EXTERN = NO;
				GCC_WARN_64_TO_32_BIT_CONVERSION = YES;
				GCC_WARN_ABOUT_RETURN_TYPE = YES_ERROR;
				GCC_WARN_UNDECLARED_SELECTOR = YES;
				GCC_WARN_UNINITIALIZED_AUTOS = YES;
				GCC_WARN_UNUSED_FUNCTION = YES;
				GCC_WARN_UNUSED_VARIABLE = YES;
				IPHONEOS_DEPLOYMENT_TARGET = 7.0;
				ONLY_ACTIVE_ARCH = YES;
				SDKROOT = iphoneos;
			};
			name = Debug;
		};
		650B36B31808F72B0029A086 /* Release */ = {
			isa = XCBuildConfiguration;
			buildSettings = {
				ALWAYS_SEARCH_USER_PATHS = NO;
				ARCHS = "$(ARCHS_STANDARD_INCLUDING_64_BIT)";
				CLANG_CXX_LANGUAGE_STANDARD = "gnu++0x";
				CLANG_CXX_LIBRARY = "libc++";
				CLANG_ENABLE_MODULES = YES;
				CLANG_ENABLE_OBJC_ARC = YES;
				CLANG_WARN_BOOL_CONVERSION = YES;
				CLANG_WARN_CONSTANT_CONVERSION = YES;
				CLANG_WARN_DIRECT_OBJC_ISA_USAGE = YES_ERROR;
				CLANG_WARN_EMPTY_BODY = YES;
				CLANG_WARN_ENUM_CONVERSION = YES;
				CLANG_WARN_INT_CONVERSION = YES;
				CLANG_WARN_OBJC_ROOT_CLASS = YES_ERROR;
				CLANG_WARN__DUPLICATE_METHOD_MATCH = YES;
				"CODE_SIGN_IDENTITY[sdk=iphoneos*]" = "iPhone Developer";
				COPY_PHASE_STRIP = YES;
				ENABLE_NS_ASSERTIONS = NO;
				GCC_C_LANGUAGE_STANDARD = gnu99;
				GCC_WARN_64_TO_32_BIT_CONVERSION = YES;
				GCC_WARN_ABOUT_RETURN_TYPE = YES_ERROR;
				GCC_WARN_UNDECLARED_SELECTOR = YES;
				GCC_WARN_UNINITIALIZED_AUTOS = YES;
				GCC_WARN_UNUSED_FUNCTION = YES;
				GCC_WARN_UNUSED_VARIABLE = YES;
				IPHONEOS_DEPLOYMENT_TARGET = 7.0;
				SDKROOT = iphoneos;
				VALIDATE_PRODUCT = YES;
			};
			name = Release;
		};
		650B36B51808F72B0029A086 /* Debug */ = {
			isa = XCBuildConfiguration;
			baseConfigurationReference = 8022F0ADFCE5467192DFB5B6 /* Pods.xcconfig */;
			buildSettings = {
				ASSETCATALOG_COMPILER_APPICON_NAME = AppIcon;
				ASSETCATALOG_COMPILER_LAUNCHIMAGE_NAME = LaunchImage;
				GCC_PRECOMPILE_PREFIX_HEADER = YES;
				GCC_PREFIX_HEADER = "TaxiBook/TaxiBook-Prefix.pch";
				INFOPLIST_FILE = "TaxiBook/TaxiBook-Info.plist";
				PRODUCT_NAME = "$(TARGET_NAME)";
				WRAPPER_EXTENSION = app;
			};
			name = Debug;
		};
		650B36B61808F72B0029A086 /* Release */ = {
			isa = XCBuildConfiguration;
			baseConfigurationReference = 8022F0ADFCE5467192DFB5B6 /* Pods.xcconfig */;
			buildSettings = {
				ASSETCATALOG_COMPILER_APPICON_NAME = AppIcon;
				ASSETCATALOG_COMPILER_LAUNCHIMAGE_NAME = LaunchImage;
				GCC_PRECOMPILE_PREFIX_HEADER = YES;
				GCC_PREFIX_HEADER = "TaxiBook/TaxiBook-Prefix.pch";
				INFOPLIST_FILE = "TaxiBook/TaxiBook-Info.plist";
				PRODUCT_NAME = "$(TARGET_NAME)";
				WRAPPER_EXTENSION = app;
			};
			name = Release;
		};
		650B36B81808F72B0029A086 /* Debug */ = {
			isa = XCBuildConfiguration;
			buildSettings = {
				ARCHS = "$(ARCHS_STANDARD_INCLUDING_64_BIT)";
				BUNDLE_LOADER = "$(BUILT_PRODUCTS_DIR)/TaxiBook.app/TaxiBook";
				FRAMEWORK_SEARCH_PATHS = (
					"$(SDKROOT)/Developer/Library/Frameworks",
					"$(inherited)",
					"$(DEVELOPER_FRAMEWORKS_DIR)",
				);
				GCC_PRECOMPILE_PREFIX_HEADER = YES;
				GCC_PREFIX_HEADER = "TaxiBook/TaxiBook-Prefix.pch";
				GCC_PREPROCESSOR_DEFINITIONS = (
					"DEBUG=1",
					"$(inherited)",
				);
				INFOPLIST_FILE = "TaxiBookTests/TaxiBookTests-Info.plist";
				PRODUCT_NAME = "$(TARGET_NAME)";
				TEST_HOST = "$(BUNDLE_LOADER)";
				WRAPPER_EXTENSION = xctest;
			};
			name = Debug;
		};
		650B36B91808F72B0029A086 /* Release */ = {
			isa = XCBuildConfiguration;
			buildSettings = {
				ARCHS = "$(ARCHS_STANDARD_INCLUDING_64_BIT)";
				BUNDLE_LOADER = "$(BUILT_PRODUCTS_DIR)/TaxiBook.app/TaxiBook";
				FRAMEWORK_SEARCH_PATHS = (
					"$(SDKROOT)/Developer/Library/Frameworks",
					"$(inherited)",
					"$(DEVELOPER_FRAMEWORKS_DIR)",
				);
				GCC_PRECOMPILE_PREFIX_HEADER = YES;
				GCC_PREFIX_HEADER = "TaxiBook/TaxiBook-Prefix.pch";
				INFOPLIST_FILE = "TaxiBookTests/TaxiBookTests-Info.plist";
				PRODUCT_NAME = "$(TARGET_NAME)";
				TEST_HOST = "$(BUNDLE_LOADER)";
				WRAPPER_EXTENSION = xctest;
			};
			name = Release;
		};
/* End XCBuildConfiguration section */

/* Begin XCConfigurationList section */
		650B36741808F72A0029A086 /* Build configuration list for PBXProject "TaxiBook" */ = {
			isa = XCConfigurationList;
			buildConfigurations = (
				650B36B21808F72B0029A086 /* Debug */,
				650B36B31808F72B0029A086 /* Release */,
			);
			defaultConfigurationIsVisible = 0;
			defaultConfigurationName = Release;
		};
		650B36B41808F72B0029A086 /* Build configuration list for PBXNativeTarget "TaxiBook" */ = {
			isa = XCConfigurationList;
			buildConfigurations = (
				650B36B51808F72B0029A086 /* Debug */,
				650B36B61808F72B0029A086 /* Release */,
			);
			defaultConfigurationIsVisible = 0;
			defaultConfigurationName = Release;
		};
		650B36B71808F72B0029A086 /* Build configuration list for PBXNativeTarget "TaxiBookTests" */ = {
			isa = XCConfigurationList;
			buildConfigurations = (
				650B36B81808F72B0029A086 /* Debug */,
				650B36B91808F72B0029A086 /* Release */,
			);
			defaultConfigurationIsVisible = 0;
			defaultConfigurationName = Release;
		};
/* End XCConfigurationList section */
	};
	rootObject = 650B36711808F72A0029A086 /* Project object */;
}
